
Microsoft Visual Studio Solution File, Format Version 12.00
# Visual Studio Version 17
VisualStudioVersion = 17.5.33530.505
MinimumVisualStudioVersion = 10.0.40219.1
Project("{FAE04EC0-301F-11D3-BF4B-00C04F79EFBC}") = "Lena.Entities", "Lena.Entities\Lena.Entities.csproj", "{C9903FB9-023D-417B-8D2E-B2A132BF8C60}"
EndProject
Project("{FAE04EC0-301F-11D3-BF4B-00C04F79EFBC}") = "Lena.DataAccess", "Lena.DataAccess\Lena.DataAccess.csproj", "{B3E2E24B-55FD-4C05-B8B7-ECF325A9E502}"
EndProject
Project("{FAE04EC0-301F-11D3-BF4B-00C04F79EFBC}") = "Lena.Core", "Lena.Core\Lena.Core.csproj", "{CEE9F56A-1D38-41F2-86ED-54786E3D565E}"
EndProject
Project("{FAE04EC0-301F-11D3-BF4B-00C04F79EFBC}") = "Lena.Business", "Lena.Business\Lena.Business.csproj", "{0342448E-2823-4502-89C2-3B462B5800D1}"
EndProject
Project("{FAE04EC0-301F-11D3-BF4B-00C04F79EFBC}") = "Lena.UI", "Lena.UI\Lena.UI.csproj", "{E6AC2BC4-2D6A-4221-9BD2-174BA9F01C35}"
EndProject
Global
	GlobalSection(SolutionConfigurationPlatforms) = preSolution
		Debug|Any CPU = Debug|Any CPU
		Release|Any CPU = Release|Any CPU
	EndGlobalSection
	GlobalSection(ProjectConfigurationPlatforms) = postSolution
		{C9903FB9-023D-417B-8D2E-B2A132BF8C60}.Debug|Any CPU.ActiveCfg = Debug|Any CPU
		{C9903FB9-023D-417B-8D2E-B2A132BF8C60}.Debug|Any CPU.Build.0 = Debug|Any CPU
		{C9903FB9-023D-417B-8D2E-B2A132BF8C60}.Release|Any CPU.ActiveCfg = Release|Any CPU
		{C9903FB9-023D-417B-8D2E-B2A132BF8C60}.Release|Any CPU.Build.0 = Release|Any CPU
		{B3E2E24B-55FD-4C05-B8B7-ECF325A9E502}.Debug|Any CPU.ActiveCfg = Debug|Any CPU
		{B3E2E24B-55FD-4C05-B8B7-ECF325A9E502}.Debug|Any CPU.Build.0 = Debug|Any CPU
		{B3E2E24B-55FD-4C05-B8B7-ECF325A9E502}.Release|Any CPU.ActiveCfg = Release|Any CPU
		{B3E2E24B-55FD-4C05-B8B7-ECF325A9E502}.Release|Any CPU.Build.0 = Release|Any CPU
		{CEE9F56A-1D38-41F2-86ED-54786E3D565E}.Debug|Any CPU.ActiveCfg = Debug|Any CPU
		{CEE9F56A-1D38-41F2-86ED-54786E3D565E}.Debug|Any CPU.Build.0 = Debug|Any CPU
		{CEE9F56A-1D38-41F2-86ED-54786E3D565E}.Release|Any CPU.ActiveCfg = Release|Any CPU
		{CEE9F56A-1D38-41F2-86ED-54786E3D565E}.Release|Any CPU.Build.0 = Release|Any CPU
		{0342448E-2823-4502-89C2-3B462B5800D1}.Debug|Any CPU.ActiveCfg = Debug|Any CPU
		{0342448E-2823-4502-89C2-3B462B5800D1}.Debug|Any CPU.Build.0 = Debug|Any CPU
		{0342448E-2823-4502-89C2-3B462B5800D1}.Release|Any CPU.ActiveCfg = Release|Any CPU
		{0342448E-2823-4502-89C2-3B462B5800D1}.Release|Any CPU.Build.0 = Release|Any CPU
		{E6AC2BC4-2D6A-4221-9BD2-174BA9F01C35}.Debug|Any CPU.ActiveCfg = Debug|Any CPU
		{E6AC2BC4-2D6A-4221-9BD2-174BA9F01C35}.Debug|Any CPU.Build.0 = Debug|Any CPU
		{E6AC2BC4-2D6A-4221-9BD2-174BA9F01C35}.Release|Any CPU.ActiveCfg = Release|Any CPU
		{E6AC2BC4-2D6A-4221-9BD2-174BA9F01C35}.Release|Any CPU.Build.0 = Release|Any CPU
	EndGlobalSection
	GlobalSection(SolutionProperties) = preSolution
		HideSolutionNode = FALSE
	EndGlobalSection
	GlobalSection(ExtensibilityGlobals) = postSolution
		SolutionGuid = {BE7E00A8-3BD2-4D91-A4C3-EBB92582BDEF}
	EndGlobalSection
EndGlobal
